# auto-generated by grc.converter

id: lora_mod
label: LoRa Modulator
category: '[lora]'

parameters:
-   id: spreading_factor
    label: Spreading Factor
    dtype: int
    default: '8'
-   id: sync_word
    label: Sync Word
    dtype: int
    default: '0x12'

inputs:
-   domain: message
    id: in

outputs:
-   domain: stream
    dtype: complex

templates:
    imports: import lora
    make: lora.mod(${spreading_factor}, ${sync_word})

file_format: 1
